
Microsoft Visual Studio Solution File, Format Version 12.00
# Visual Studio Version 17
VisualStudioVersion = 17.5.002.0
MinimumVisualStudioVersion = 10.0.40219.1
Project("{9A19103F-16F7-4668-BE54-9A1E7A4F7556}") = "BlazorCRUD", "BlazorCRUD\BlazorCRUD.csproj", "{19AB82CC-0F37-4EFB-862C-DC4ED21B4D38}"
EndProject
Project("{9A19103F-16F7-4668-BE54-9A1E7A4F7556}") = "BlazorWebApp", "BlazorWebApp\BlazorWebApp.csproj", "{2327274D-9B42-4DEF-8FBC-DA0A03C6E066}"
EndProject
Global
	GlobalSection(SolutionConfigurationPlatforms) = preSolution
		Debug|Any CPU = Debug|Any CPU
		Release|Any CPU = Release|Any CPU
	EndGlobalSection
	GlobalSection(ProjectConfigurationPlatforms) = postSolution
		{19AB82CC-0F37-4EFB-862C-DC4ED21B4D38}.Debug|Any CPU.ActiveCfg = Debug|Any CPU
		{19AB82CC-0F37-4EFB-862C-DC4ED21B4D38}.Debug|Any CPU.Build.0 = Debug|Any CPU
		{19AB82CC-0F37-4EFB-862C-DC4ED21B4D38}.Release|Any CPU.ActiveCfg = Release|Any CPU
		{19AB82CC-0F37-4EFB-862C-DC4ED21B4D38}.Release|Any CPU.Build.0 = Release|Any CPU
		{2327274D-9B42-4DEF-8FBC-DA0A03C6E066}.Debug|Any CPU.ActiveCfg = Debug|Any CPU
		{2327274D-9B42-4DEF-8FBC-DA0A03C6E066}.Debug|Any CPU.Build.0 = Debug|Any CPU
		{2327274D-9B42-4DEF-8FBC-DA0A03C6E066}.Release|Any CPU.ActiveCfg = Release|Any CPU
		{2327274D-9B42-4DEF-8FBC-DA0A03C6E066}.Release|Any CPU.Build.0 = Release|Any CPU
	EndGlobalSection
	GlobalSection(SolutionProperties) = preSolution
		HideSolutionNode = FALSE
	EndGlobalSection
	GlobalSection(ExtensibilityGlobals) = postSolution
		SolutionGuid = {5ADE703A-210C-4036-BFF5-FED5C19B0F23}
	EndGlobalSection
EndGlobal
